# THIS IS AN AUTOGENERATED FILE. DO NOT EDIT THIS FILE DIRECTLY.
# yarn lockfile v1


"@sentry/browser@7.10.0":
  version "7.10.0"
  resolved "https://registry.yarnpkg.com/@sentry/browser/-/browser-7.10.0.tgz#54a831811b65e3b9e01785f5a96f2441167d01b3"
  integrity sha512-RNOKCRonqzUOqyM/JcjxjCOMosfS0MRmzkBKWewfyXse9AqfqC9+y8BI5J7wFmpYCypQP72JROKPBaxi7rvOFw==
  dependencies:
    "@sentry/core" "7.10.0"
    "@sentry/types" "7.10.0"
    "@sentry/utils" "7.10.0"
    tslib "^1.9.3"

"@sentry/core@7.10.0":
  version "7.10.0"
  resolved "https://registry.yarnpkg.com/@sentry/core/-/core-7.10.0.tgz#ebe1f7158954d3d29ba319bdfe745a06d3a43d08"
  integrity sha512-uq6oUXPH+6cjsEL5/j/xSW91mVrJo7knTqax7E5MDiA5j98BPK4budGiBiPO7GEB856QhA7N+pOO0lccii5QYQ==
  dependencies:
    "@sentry/hub" "7.10.0"
    "@sentry/types" "7.10.0"
    "@sentry/utils" "7.10.0"
    tslib "^1.9.3"

"@sentry/hub@7.10.0":
  version "7.10.0"
  resolved "https://registry.yarnpkg.com/@sentry/hub/-/hub-7.10.0.tgz#41a32c1e68efaedaebc1dca10b8e22d12937715f"
  integrity sha512-9Appy7J87EU7Xu2BDY1cLK79nsuE72geeYmG71lgdttTD3XOMcQBOxET4/2sAI+d/ansurXnURx+DAQ9FOKT+w==
  dependencies:
    "@sentry/types" "7.10.0"
    "@sentry/utils" "7.10.0"
    tslib "^1.9.3"

"@sentry/react@^7.10.0":
  version "7.10.0"
  resolved "https://registry.yarnpkg.com/@sentry/react/-/react-7.10.0.tgz#a8b292a936bdaa2261a3cff3de834d019bd869da"
  integrity sha512-/iuj6/P4rE6n+hoOatMpJr8y366hQcmMQU8Ln4Q8jERSiOb6giBW/gajG012p6SwAT5wQ2nVQm8aAay9xC/PxQ==
  dependencies:
    "@sentry/browser" "7.10.0"
    "@sentry/types" "7.10.0"
    "@sentry/utils" "7.10.0"
    hoist-non-react-statics "^3.3.2"
    tslib "^1.9.3"

"@sentry/tracing@^7.10.0":
  version "7.10.0"
  resolved "https://registry.yarnpkg.com/@sentry/tracing/-/tracing-7.10.0.tgz#084019c6ab841dff1722ed5eb397ee80fb36af51"
  integrity sha512-ojuBYS1bL/IGWKt/ItY4HmC8NElJrYtTUvm73VbhylhIO4zcn5ICHmgMFj1lqL9gQ1nCnAlifKiWIjL9qUatTA==
  dependencies:
    "@sentry/hub" "7.10.0"
    "@sentry/types" "7.10.0"
    "@sentry/utils" "7.10.0"
    tslib "^1.9.3"

"@sentry/types@7.10.0":
  version "7.10.0"
  resolved "https://registry.yarnpkg.com/@sentry/types/-/types-7.10.0.tgz#c91d634768336238ac30ed750fa918326c384cbb"
  integrity sha512-1UBwdbS0xXzANzp63g4eNQly/qKIXp0swP5OTKWoADvKBtL4anroLUA/l8ADMtuwFZYtVANc8WRGxM2+YmaXtg==

"@sentry/utils@7.10.0":
  version "7.10.0"
  resolved "https://registry.yarnpkg.com/@sentry/utils/-/utils-7.10.0.tgz#237cfcfa300f65fad45ec703d4acb4f02f22093b"
  integrity sha512-/aD2DnfyOhV0Wdbb6VF78vu4fQIZJyuReDpBI7MV/EqcEB6FxUKq2YjinfKZF/exHEPig6Ag/Yt+CRFgvtVFuw==
  dependencies:
    "@sentry/types" "7.10.0"
    tslib "^1.9.3"

hoist-non-react-statics@^3.3.2:
  version "3.3.2"
  resolved "https://registry.yarnpkg.com/hoist-non-react-statics/-/hoist-non-react-statics-3.3.2.tgz#ece0acaf71d62c2969c2ec59feff42a4b1a85b45"
  integrity sha512-/gGivxi8JPKWNm/W0jSmzcMPpfpPLc3dY/6GxhX2hQ9iGj3aDfklV4ET7NjKpSinLpJ5vafa9iiGIEZg10SfBw==
  dependencies:
    react-is "^16.7.0"

react-is@^16.7.0:
  version "16.13.1"
  resolved "https://registry.yarnpkg.com/react-is/-/react-is-16.13.1.tgz#789729a4dc36de2999dc156dd6c1d9c18cea56a4"
  integrity sha512-24e6ynE2H+OKt4kqsOvNd8kBpV65zoxbA4BVsEOB3ARVWQki/DHzaUoC5KuON/BiccDaCCTZBuOcfZs70kR8bQ==

tslib@^1.9.3:
  version "1.14.1"
  resolved "https://registry.yarnpkg.com/tslib/-/tslib-1.14.1.tgz#cf2d38bdc34a134bcaf1091c41f6619e2f672d00"
  integrity sha512-Xni35NKzjgMrwevysHTCArtLDpPvye8zV/0E4EyYn43P7/7qvQwPh9BGkHewbMulVntbigmcT7rdX3BNo9wRJg==
